
Microsoft Visual Studio Solution File, Format Version 12.00
# Visual Studio Version 16
VisualStudioVersion = 16.0.31613.86
MinimumVisualStudioVersion = 10.0.40219.1
Project("{9A19103F-16F7-4668-BE54-9A1E7A4F7556}") = "Lab1", "Crossplatform_Labs\Lab1.csproj", "{9021A418-1462-4AE0-AAAA-7478F8D53806}"
EndProject
Project("{FAE04EC0-301F-11D3-BF4B-00C04F79EFBC}") = "Lab2", "..\Lab2\Lab2.csproj", "{C08CEEB6-CE34-41C4-9CD9-40188EA11971}"
EndProject
Global
	GlobalSection(SolutionConfigurationPlatforms) = preSolution
		Debug|Any CPU = Debug|Any CPU
		Release|Any CPU = Release|Any CPU
	EndGlobalSection
	GlobalSection(ProjectConfigurationPlatforms) = postSolution
		{9021A418-1462-4AE0-AAAA-7478F8D53806}.Debug|Any CPU.ActiveCfg = Debug|Any CPU
		{9021A418-1462-4AE0-AAAA-7478F8D53806}.Debug|Any CPU.Build.0 = Debug|Any CPU
		{9021A418-1462-4AE0-AAAA-7478F8D53806}.Release|Any CPU.ActiveCfg = Release|Any CPU
		{9021A418-1462-4AE0-AAAA-7478F8D53806}.Release|Any CPU.Build.0 = Release|Any CPU
		{C08CEEB6-CE34-41C4-9CD9-40188EA11971}.Debug|Any CPU.ActiveCfg = Debug|Any CPU
		{C08CEEB6-CE34-41C4-9CD9-40188EA11971}.Debug|Any CPU.Build.0 = Debug|Any CPU
		{C08CEEB6-CE34-41C4-9CD9-40188EA11971}.Release|Any CPU.ActiveCfg = Release|Any CPU
		{C08CEEB6-CE34-41C4-9CD9-40188EA11971}.Release|Any CPU.Build.0 = Release|Any CPU
	EndGlobalSection
	GlobalSection(SolutionProperties) = preSolution
		HideSolutionNode = FALSE
	EndGlobalSection
	GlobalSection(ExtensibilityGlobals) = postSolution
		SolutionGuid = {F7F97BD4-49B5-4C5C-8B10-BEC2DA03E438}
	EndGlobalSection
EndGlobal
