
Microsoft Visual Studio Solution File, Format Version 12.00
# Visual Studio Version 17
VisualStudioVersion = 17.8.34316.72
MinimumVisualStudioVersion = 10.0.40219.1
Project("{FAE04EC0-301F-11D3-BF4B-00C04F79EFBC}") = "Lab5_Web", "Lab5_Web\Lab5_Web.csproj", "{1592F301-5057-423B-B2FF-9B654500D973}"
EndProject
Global
	GlobalSection(SolutionConfigurationPlatforms) = preSolution
		Debug|Any CPU = Debug|Any CPU
		Release|Any CPU = Release|Any CPU
	EndGlobalSection
	GlobalSection(ProjectConfigurationPlatforms) = postSolution
		{1592F301-5057-423B-B2FF-9B654500D973}.Debug|Any CPU.ActiveCfg = Debug|Any CPU
		{1592F301-5057-423B-B2FF-9B654500D973}.Debug|Any CPU.Build.0 = Debug|Any CPU
		{1592F301-5057-423B-B2FF-9B654500D973}.Release|Any CPU.ActiveCfg = Release|Any CPU
		{1592F301-5057-423B-B2FF-9B654500D973}.Release|Any CPU.Build.0 = Release|Any CPU
	EndGlobalSection
	GlobalSection(SolutionProperties) = preSolution
		HideSolutionNode = FALSE
	EndGlobalSection
	GlobalSection(ExtensibilityGlobals) = postSolution
		SolutionGuid = {BE82B146-7845-42B2-8D6C-EC09CACEAA39}
	EndGlobalSection
EndGlobal
