
Microsoft Visual Studio Solution File, Format Version 12.00
# Visual Studio Version 16
VisualStudioVersion = 16.0.31613.86
MinimumVisualStudioVersion = 10.0.40219.1
Project("{FAE04EC0-301F-11D3-BF4B-00C04F79EFBC}") = "Lab3", "Lab3.csproj", "{88C054A5-ADAE-46B7-B975-E8D79D96F0FD}"
EndProject
Global
	GlobalSection(SolutionConfigurationPlatforms) = preSolution
		Debug|Any CPU = Debug|Any CPU
		Release|Any CPU = Release|Any CPU
	EndGlobalSection
	GlobalSection(ProjectConfigurationPlatforms) = postSolution
		{88C054A5-ADAE-46B7-B975-E8D79D96F0FD}.Debug|Any CPU.ActiveCfg = Debug|Any CPU
		{88C054A5-ADAE-46B7-B975-E8D79D96F0FD}.Debug|Any CPU.Build.0 = Debug|Any CPU
		{88C054A5-ADAE-46B7-B975-E8D79D96F0FD}.Release|Any CPU.ActiveCfg = Release|Any CPU
		{88C054A5-ADAE-46B7-B975-E8D79D96F0FD}.Release|Any CPU.Build.0 = Release|Any CPU
	EndGlobalSection
	GlobalSection(SolutionProperties) = preSolution
		HideSolutionNode = FALSE
	EndGlobalSection
	GlobalSection(ExtensibilityGlobals) = postSolution
		SolutionGuid = {CEE622EC-F08D-4FAD-BFD4-0C0E1B3FE0F8}
	EndGlobalSection
EndGlobal
